<?xml version="1.0" encoding="utf-8"?>
<Project ToolsVersion="4.0" xmlns:atg="http://atg.xbox.com" xmlns="http://schemas.microsoft.com/developer/msbuild/2003">
  <ItemGroup>
    <Filter Include="Resource Files">
      <UniqueIdentifier>{8e114980-c1a3-4ada-ad7c-83caadf5daeb}</UniqueIdentifier>
      <Extensions>rc;ico;cur;bmp;dlg;rc2;rct;bin;rgs;gif;jpg;jpeg;jpe</Extensions>
    </Filter>
    <Filter Include="DXUT">
      <UniqueIdentifier>{a43c5c25-0e86-4a20-b64a-883785ff74fd}</UniqueIdentifier>
    </Filter>
    <Filter Include="소스코드">
      <UniqueIdentifier>{dbd8f63b-6027-4211-9c57-648528577402}</UniqueIdentifier>
    </Filter>
    <Filter Include="헤더">
      <UniqueIdentifier>{da376d4a-62ea-4796-a203-7ded2897239a}</UniqueIdentifier>
    </Filter>
    <Filter Include="shader">
      <UniqueIdentifier>{7084be95-2686-419d-962e-a15867c9900f}</UniqueIdentifier>
    </Filter>
    <Filter Include="Network">
      <UniqueIdentifier>{3931fe96-8ec7-44e5-b142-d0adadc95e06}</UniqueIdentifier>
    </Filter>
    <Filter Include="소스코드\Object">
      <UniqueIdentifier>{a062ca0d-70cf-49eb-a50c-30243ca3f72f}</UniqueIdentifier>
    </Filter>
    <Filter Include="소스코드\Manager">
      <UniqueIdentifier>{afcd09e3-1b3f-45f4-af34-be74c299ff90}</UniqueIdentifier>
    </Filter>
    <Filter Include="소스코드\FBX">
      <UniqueIdentifier>{32ab06cd-a4de-4ad2-808f-02208c14403b}</UniqueIdentifier>
    </Filter>
    <Filter Include="소스코드\Particle">
      <UniqueIdentifier>{541d0645-5b77-4321-98af-e8c05d629098}</UniqueIdentifier>
    </Filter>
    <Filter Include="소스코드\UI">
      <UniqueIdentifier>{69c45420-de33-450c-8ac2-60aa4682d9fc}</UniqueIdentifier>
    </Filter>
    <Filter Include="소스코드\Scene">
      <UniqueIdentifier>{cc12df91-d56e-4bf0-b35f-ca17a0709ba8}</UniqueIdentifier>
    </Filter>
  </ItemGroup>
  <ItemGroup>
    <ClCompile Include="KuberaClientProject.cpp" />
    <ClCompile Include="GameFramework.cpp">
      <Filter>소스코드</Filter>
    </ClCompile>
    <ClCompile Include="Timer.cpp">
      <Filter>소스코드</Filter>
    </ClCompile>
    <ClCompile Include="DXUT\Core\DXUT.cpp">
      <Filter>DXUT</Filter>
    </ClCompile>
    <ClCompile Include="DXUT\Core\DXUTDevice9.cpp">
      <Filter>DXUT</Filter>
    </ClCompile>
    <ClCompile Include="DXUT\Core\DXUTDevice11.cpp">
      <Filter>DXUT</Filter>
    </ClCompile>
    <ClCompile Include="DXUT\Core\DXUTmisc.cpp">
      <Filter>DXUT</Filter>
    </ClCompile>
    <ClCompile Include="DXUT\Optional\DXUTcamera.cpp">
      <Filter>DXUT</Filter>
    </ClCompile>
    <ClCompile Include="DXUT\Optional\DXUTgui.cpp">
      <Filter>DXUT</Filter>
    </ClCompile>
    <ClCompile Include="DXUT\Optional\DXUTsettingsdlg.cpp">
      <Filter>DXUT</Filter>
    </ClCompile>
    <ClCompile Include="DXUT\Optional\SDKmesh.cpp">
      <Filter>DXUT</Filter>
    </ClCompile>
    <ClCompile Include="DXUT\Optional\SDKmisc.cpp">
      <Filter>DXUT</Filter>
    </ClCompile>
    <ClCompile Include="DXUT\Optional\DXUTres.cpp">
      <Filter>DXUT</Filter>
    </ClCompile>
    <ClCompile Include="Shader.cpp">
      <Filter>소스코드</Filter>
    </ClCompile>
    <ClCompile Include="GameObject.cpp">
      <Filter>소스코드</Filter>
    </ClCompile>
    <ClCompile Include="Mesh.cpp">
      <Filter>소스코드</Filter>
    </ClCompile>
    <ClCompile Include="Textureclass.cpp" />
    <ClCompile Include="Network.cpp">
      <Filter>Network</Filter>
    </ClCompile>
    <ClCompile Include="astarclass.cpp" />
    <ClCompile Include="MinionObject.cpp">
      <Filter>소스코드\Object</Filter>
    </ClCompile>
    <ClCompile Include="HeroObject.cpp">
      <Filter>소스코드\Object</Filter>
    </ClCompile>
    <ClCompile Include="ObstacleObject.cpp">
      <Filter>소스코드\Object</Filter>
    </ClCompile>
    <ClCompile Include="TowerObject.cpp">
      <Filter>소스코드\Object</Filter>
    </ClCompile>
    <ClCompile Include="MissileObject.cpp">
      <Filter>소스코드\Object</Filter>
    </ClCompile>
    <ClCompile Include="ControlManager.cpp">
      <Filter>소스코드\Manager</Filter>
    </ClCompile>
    <ClCompile Include="OtherPlayerObject.cpp">
      <Filter>소스코드\Object</Filter>
    </ClCompile>
    <ClCompile Include="FBX\GFBXBone.cpp">
      <Filter>소스코드\FBX</Filter>
    </ClCompile>
    <ClCompile Include="FBX\GFBXMesh.cpp">
      <Filter>소스코드\FBX</Filter>
    </ClCompile>
    <ClCompile Include="FBX\GFBXMeshLoader.cpp">
      <Filter>소스코드\FBX</Filter>
    </ClCompile>
    <ClCompile Include="FBX\GFBXSkeleton.cpp">
      <Filter>소스코드\FBX</Filter>
    </ClCompile>
    <ClCompile Include="FBX\MathHelper.cpp">
      <Filter>소스코드\FBX</Filter>
    </ClCompile>
    <ClCompile Include="FBX\Utilities.cpp">
      <Filter>소스코드\FBX</Filter>
    </ClCompile>
    <ClCompile Include="ParticleMesh.cpp">
      <Filter>소스코드\Particle</Filter>
    </ClCompile>
    <ClCompile Include="ParticleObject.cpp">
      <Filter>소스코드\Object</Filter>
    </ClCompile>
    <ClCompile Include="Particle2Mesh.cpp">
      <Filter>소스코드\Particle</Filter>
    </ClCompile>
    <ClCompile Include="Particle3Mesh.cpp">
      <Filter>소스코드\Particle</Filter>
    </ClCompile>
    <ClCompile Include="Camera.cpp">
      <Filter>소스코드</Filter>
    </ClCompile>
    <ClCompile Include="UIClass.cpp">
      <Filter>소스코드\UI</Filter>
    </ClCompile>
    <ClCompile Include="UIObject.cpp">
      <Filter>소스코드\Object</Filter>
    </ClCompile>
    <ClCompile Include="Scene.cpp">
      <Filter>소스코드\Scene</Filter>
    </ClCompile>
    <ClCompile Include="LoadScene.cpp">
      <Filter>소스코드\Scene</Filter>
    </ClCompile>
    <ClCompile Include="SelectScene.cpp">
      <Filter>소스코드\Scene</Filter>
    </ClCompile>
  </ItemGroup>
  <ItemGroup>
    <ClInclude Include="GameFramework.h">
      <Filter>소스코드</Filter>
    </ClInclude>
    <ClInclude Include="Timer.h">
      <Filter>소스코드</Filter>
    </ClInclude>
    <ClInclude Include="DXUT\Core\DXUT.h">
      <Filter>DXUT</Filter>
    </ClInclude>
    <ClInclude Include="DXUT\Core\DXUTDevice9.h">
      <Filter>DXUT</Filter>
    </ClInclude>
    <ClInclude Include="DXUT\Core\DXUTDevice11.h">
      <Filter>DXUT</Filter>
    </ClInclude>
    <ClInclude Include="DXUT\Core\DXUTmisc.h">
      <Filter>DXUT</Filter>
    </ClInclude>
    <ClInclude Include="DXUT\Optional\DXUTcamera.h">
      <Filter>DXUT</Filter>
    </ClInclude>
    <ClInclude Include="DXUT\Optional\DXUTgui.h">
      <Filter>DXUT</Filter>
    </ClInclude>
    <ClInclude Include="DXUT\Optional\DXUTsettingsdlg.h">
      <Filter>DXUT</Filter>
    </ClInclude>
    <ClInclude Include="DXUT\Optional\SDKmesh.h">
      <Filter>DXUT</Filter>
    </ClInclude>
    <ClInclude Include="DXUT\Optional\SDKmisc.h">
      <Filter>DXUT</Filter>
    </ClInclude>
    <ClInclude Include="DXUT\Optional\DXUTres.h">
      <Filter>DXUT</Filter>
    </ClInclude>
    <ClInclude Include="Shader.h">
      <Filter>소스코드</Filter>
    </ClInclude>
    <ClInclude Include="GameObject.h">
      <Filter>소스코드</Filter>
    </ClInclude>
    <ClInclude Include="Mesh.h">
      <Filter>소스코드</Filter>
    </ClInclude>
    <ClInclude Include="Textureclass.h" />
    <ClInclude Include="Network.h">
      <Filter>Network</Filter>
    </ClInclude>
    <ClInclude Include="astarclass.h" />
    <ClInclude Include="header.h">
      <Filter>헤더</Filter>
    </ClInclude>
    <ClInclude Include="MinionObject.h">
      <Filter>소스코드\Object</Filter>
    </ClInclude>
    <ClInclude Include="HeroObject.h">
      <Filter>소스코드\Object</Filter>
    </ClInclude>
    <ClInclude Include="ObstacleObject.h">
      <Filter>소스코드\Object</Filter>
    </ClInclude>
    <ClInclude Include="TowerObject.h">
      <Filter>소스코드\Object</Filter>
    </ClInclude>
    <ClInclude Include="ST.h" />
    <ClInclude Include="MissileObject.h">
      <Filter>소스코드\Object</Filter>
    </ClInclude>
    <ClInclude Include="ControlManager.h">
      <Filter>소스코드\Manager</Filter>
    </ClInclude>
    <ClInclude Include="MissileManager.h">
      <Filter>소스코드\Manager</Filter>
    </ClInclude>
    <ClInclude Include="MinionManager.h">
      <Filter>소스코드\Manager</Filter>
    </ClInclude>
    <ClInclude Include="ObstacleManager.h">
      <Filter>소스코드\Manager</Filter>
    </ClInclude>
    <ClInclude Include="TowerManager.h">
      <Filter>소스코드\Manager</Filter>
    </ClInclude>
    <ClInclude Include="OtherPlayerManager.h">
      <Filter>소스코드\Manager</Filter>
    </ClInclude>
    <ClInclude Include="OtherPlayerObject.h">
      <Filter>소스코드\Object</Filter>
    </ClInclude>
    <ClInclude Include="HeroManager.h">
      <Filter>소스코드\Manager</Filter>
    </ClInclude>
    <ClInclude Include="FBX\GFBXBone.h">
      <Filter>소스코드\FBX</Filter>
    </ClInclude>
    <ClInclude Include="FBX\GFBXMesh.h">
      <Filter>소스코드\FBX</Filter>
    </ClInclude>
    <ClInclude Include="FBX\GFBXMeshLoader.h">
      <Filter>소스코드\FBX</Filter>
    </ClInclude>
    <ClInclude Include="FBX\GFBXSkeleton.h">
      <Filter>소스코드\FBX</Filter>
    </ClInclude>
    <ClInclude Include="FBX\Material.h">
      <Filter>소스코드\FBX</Filter>
    </ClInclude>
    <ClInclude Include="FBX\MathHelper.h">
      <Filter>소스코드\FBX</Filter>
    </ClInclude>
    <ClInclude Include="FBX\Utilities.h">
      <Filter>소스코드\FBX</Filter>
    </ClInclude>
    <ClInclude Include="FBX\Vertex.h">
      <Filter>소스코드\FBX</Filter>
    </ClInclude>
    <ClInclude Include="ParticleMesh.h">
      <Filter>소스코드\Particle</Filter>
    </ClInclude>
    <ClInclude Include="ParticleManager.h">
      <Filter>소스코드\Manager</Filter>
    </ClInclude>
    <ClInclude Include="ParticleObject.h">
      <Filter>소스코드\Object</Filter>
    </ClInclude>
    <ClInclude Include="Particle2Mesh.h">
      <Filter>소스코드\Particle</Filter>
    </ClInclude>
    <ClInclude Include="Particle3Mesh.h">
      <Filter>소스코드\Particle</Filter>
    </ClInclude>
    <ClInclude Include="AABB.h" />
    <ClInclude Include="Camera.h">
      <Filter>소스코드</Filter>
    </ClInclude>
    <ClInclude Include="Light.h" />
    <ClInclude Include="UIClass.h">
      <Filter>소스코드\UI</Filter>
    </ClInclude>
    <ClInclude Include="UIObject.h">
      <Filter>소스코드\Object</Filter>
    </ClInclude>
    <ClInclude Include="LoadManager.h">
      <Filter>소스코드\Manager</Filter>
    </ClInclude>
    <ClInclude Include="MapEditorManager.h">
      <Filter>소스코드\Manager</Filter>
    </ClInclude>
    <ClInclude Include="Scene.h">
      <Filter>소스코드\Scene</Filter>
    </ClInclude>
    <ClInclude Include="LoadScene.h">
      <Filter>소스코드\Scene</Filter>
    </ClInclude>
    <ClInclude Include="SelectScene.h">
      <Filter>소스코드\Scene</Filter>
    </ClInclude>
  </ItemGroup>
  <ItemGroup>
    <CLInclude Include="resource.h">
      <Filter>Resource Files</Filter>
    </CLInclude>
    <ResourceCompile Include="KuberaClientProject.rc">
      <Filter>Resource Files</Filter>
    </ResourceCompile>
  </ItemGroup>
  <ItemGroup>
    <None Include="fx\Soldier.fx">
      <Filter>shader</Filter>
    </None>
    <None Include="fx\Effect.fx">
      <Filter>shader</Filter>
    </None>
    <None Include="fx\instance.fx">
      <Filter>shader</Filter>
    </None>
    <None Include="fx\particle.ps">
      <Filter>shader</Filter>
    </None>
    <None Include="fx\particle.vs">
      <Filter>shader</Filter>
    </None>
    <None Include="fx\Light.fx">
      <Filter>shader</Filter>
    </None>
    <None Include="fx\UI.ps">
      <Filter>shader</Filter>
    </None>
    <None Include="fx\UI.vs">
      <Filter>shader</Filter>
    </None>
    <None Include="fx\NoLightAni.fx">
      <Filter>shader</Filter>
    </None>
  </ItemGroup>
</Project>