
Microsoft Visual Studio Solution File, Format Version 11.00
# Visual Studio 2010
Project("{8BC9CEB8-8B4A-11D0-8D11-00A0C91BC942}") = "ObjectMove", "ObjectMove.vcxproj", "{C40CCD4B-CA46-4537-9B4E-16E6EFE51707}"
EndProject
Global
	GlobalSection(SolutionConfigurationPlatforms) = preSolution
		Debug|Win32 = Debug|Win32
		Release|Win32 = Release|Win32
	EndGlobalSection
	GlobalSection(ProjectConfigurationPlatforms) = postSolution
		{C40CCD4B-CA46-4537-9B4E-16E6EFE51707}.Debug|Win32.ActiveCfg = Debug|Win32
		{C40CCD4B-CA46-4537-9B4E-16E6EFE51707}.Debug|Win32.Build.0 = Debug|Win32
		{C40CCD4B-CA46-4537-9B4E-16E6EFE51707}.Release|Win32.ActiveCfg = Release|Win32
		{C40CCD4B-CA46-4537-9B4E-16E6EFE51707}.Release|Win32.Build.0 = Release|Win32
	EndGlobalSection
	GlobalSection(SolutionProperties) = preSolution
		HideSolutionNode = FALSE
	EndGlobalSection
EndGlobal
